PATH
  remote: ../..
  specs:
    mocktail (2.0.0)
      sorbet-eraser (~> 0.3.1)
      sorbet-runtime (~> 0.5.9204)

GEM
  remote: https://rubygems.org/
  specs:
    minitest (5.25.5)
    sorbet-eraser (0.3.1)
    sorbet-runtime (0.5.11971)

PLATFORMS
  arm64-darwin-22
  arm64-darwin-24

DEPENDENCIES
  minitest
  mocktail!

BUNDLED WITH
   2.4.13
